
Microsoft Visual Studio Solution File, Format Version 12.00
# Visual Studio 2012
Project("{FAE04EC0-301F-11D3-BF4B-00C04F79EFBC}") = "ExampleTask", "PolimorphismExampleTask\ExampleTask.csproj", "{3CB482B8-4DF3-4A72-97B1-83B1C23CF584}"
EndProject
Global
	GlobalSection(SolutionConfigurationPlatforms) = preSolution
		Debug|Any CPU = Debug|Any CPU
		Release|Any CPU = Release|Any CPU
	EndGlobalSection
	GlobalSection(ProjectConfigurationPlatforms) = postSolution
		{3CB482B8-4DF3-4A72-97B1-83B1C23CF584}.Debug|Any CPU.ActiveCfg = Debug|Any CPU
		{3CB482B8-4DF3-4A72-97B1-83B1C23CF584}.Debug|Any CPU.Build.0 = Debug|Any CPU
		{3CB482B8-4DF3-4A72-97B1-83B1C23CF584}.Release|Any CPU.ActiveCfg = Release|Any CPU
		{3CB482B8-4DF3-4A72-97B1-83B1C23CF584}.Release|Any CPU.Build.0 = Release|Any CPU
	EndGlobalSection
	GlobalSection(SolutionProperties) = preSolution
		HideSolutionNode = FALSE
	EndGlobalSection
EndGlobal
