
Microsoft Visual Studio Solution File, Format Version 12.00
# Visual Studio 2012
Project("{FAE04EC0-301F-11D3-BF4B-00C04F79EFBC}") = "04.HelloCSharp", "04.HelloCSharp\04.HelloCSharp.csproj", "{66885C67-DBB6-4344-95BF-72123A076664}"
EndProject
Project("{FAE04EC0-301F-11D3-BF4B-00C04F79EFBC}") = "05.PrintMyName", "05.PrintMyName\05.PrintMyName.csproj", "{0388ED94-A436-44B6-9B06-9A6CD180B6A1}"
EndProject
Project("{FAE04EC0-301F-11D3-BF4B-00C04F79EFBC}") = "06.PrintNumbers", "06.PrintNumbers\06.PrintNumbers.csproj", "{23E8A670-44FA-4F6B-A63A-D6D7AFFC4D5B}"
EndProject
Project("{FAE04EC0-301F-11D3-BF4B-00C04F79EFBC}") = "07.PrintFullName", "07.PrintFullName\07.PrintFullName.csproj", "{0D6350DA-7C59-4803-AEB5-279F209FA6C1}"
EndProject
Project("{FAE04EC0-301F-11D3-BF4B-00C04F79EFBC}") = "08.SquareRootCalc", "08.SquareRootCalc\08.SquareRootCalc.csproj", "{BC33EAAA-F0E6-4B29-8BFA-74016FC5E604}"
EndProject
Project("{FAE04EC0-301F-11D3-BF4B-00C04F79EFBC}") = "09.PrintSequence", "09.PrintSequence\09.PrintSequence.csproj", "{3DD78404-DE74-4165-B53A-21BCA81BDF6F}"
EndProject
Project("{FAE04EC0-301F-11D3-BF4B-00C04F79EFBC}") = "10.PascalCase", "10.PascalCase\10.PascalCase.csproj", "{73519B41-090D-40B5-9041-B46D0420510B}"
EndProject
Project("{FAE04EC0-301F-11D3-BF4B-00C04F79EFBC}") = "14.PrintDateTime", "14.PrintDateTime\14.PrintDateTime.csproj", "{FA7C201C-FEE9-41B1-8642-1952AA6DCB9A}"
EndProject
Project("{FAE04EC0-301F-11D3-BF4B-00C04F79EFBC}") = "16.PrintLongSequence", "16.PrintLongSequence\16.PrintLongSequence.csproj", "{945D4832-0A8C-4CEB-BFAA-6A0F58A93767}"
EndProject
Project("{FAE04EC0-301F-11D3-BF4B-00C04F79EFBC}") = "15.AgeAfter10Years", "15.AgeAfter10Years\15.AgeAfter10Years.csproj", "{D750CA64-2447-44B4-8E64-A54E20EF463D}"
EndProject
Global
	GlobalSection(SolutionConfigurationPlatforms) = preSolution
		Debug|Any CPU = Debug|Any CPU
		Release|Any CPU = Release|Any CPU
	EndGlobalSection
	GlobalSection(ProjectConfigurationPlatforms) = postSolution
		{66885C67-DBB6-4344-95BF-72123A076664}.Debug|Any CPU.ActiveCfg = Debug|Any CPU
		{66885C67-DBB6-4344-95BF-72123A076664}.Debug|Any CPU.Build.0 = Debug|Any CPU
		{66885C67-DBB6-4344-95BF-72123A076664}.Release|Any CPU.ActiveCfg = Release|Any CPU
		{66885C67-DBB6-4344-95BF-72123A076664}.Release|Any CPU.Build.0 = Release|Any CPU
		{0388ED94-A436-44B6-9B06-9A6CD180B6A1}.Debug|Any CPU.ActiveCfg = Debug|Any CPU
		{0388ED94-A436-44B6-9B06-9A6CD180B6A1}.Debug|Any CPU.Build.0 = Debug|Any CPU
		{0388ED94-A436-44B6-9B06-9A6CD180B6A1}.Release|Any CPU.ActiveCfg = Release|Any CPU
		{0388ED94-A436-44B6-9B06-9A6CD180B6A1}.Release|Any CPU.Build.0 = Release|Any CPU
		{23E8A670-44FA-4F6B-A63A-D6D7AFFC4D5B}.Debug|Any CPU.ActiveCfg = Debug|Any CPU
		{23E8A670-44FA-4F6B-A63A-D6D7AFFC4D5B}.Debug|Any CPU.Build.0 = Debug|Any CPU
		{23E8A670-44FA-4F6B-A63A-D6D7AFFC4D5B}.Release|Any CPU.ActiveCfg = Release|Any CPU
		{23E8A670-44FA-4F6B-A63A-D6D7AFFC4D5B}.Release|Any CPU.Build.0 = Release|Any CPU
		{0D6350DA-7C59-4803-AEB5-279F209FA6C1}.Debug|Any CPU.ActiveCfg = Debug|Any CPU
		{0D6350DA-7C59-4803-AEB5-279F209FA6C1}.Debug|Any CPU.Build.0 = Debug|Any CPU
		{0D6350DA-7C59-4803-AEB5-279F209FA6C1}.Release|Any CPU.ActiveCfg = Release|Any CPU
		{0D6350DA-7C59-4803-AEB5-279F209FA6C1}.Release|Any CPU.Build.0 = Release|Any CPU
		{BC33EAAA-F0E6-4B29-8BFA-74016FC5E604}.Debug|Any CPU.ActiveCfg = Debug|Any CPU
		{BC33EAAA-F0E6-4B29-8BFA-74016FC5E604}.Debug|Any CPU.Build.0 = Debug|Any CPU
		{BC33EAAA-F0E6-4B29-8BFA-74016FC5E604}.Release|Any CPU.ActiveCfg = Release|Any CPU
		{BC33EAAA-F0E6-4B29-8BFA-74016FC5E604}.Release|Any CPU.Build.0 = Release|Any CPU
		{3DD78404-DE74-4165-B53A-21BCA81BDF6F}.Debug|Any CPU.ActiveCfg = Debug|Any CPU
		{3DD78404-DE74-4165-B53A-21BCA81BDF6F}.Debug|Any CPU.Build.0 = Debug|Any CPU
		{3DD78404-DE74-4165-B53A-21BCA81BDF6F}.Release|Any CPU.ActiveCfg = Release|Any CPU
		{3DD78404-DE74-4165-B53A-21BCA81BDF6F}.Release|Any CPU.Build.0 = Release|Any CPU
		{73519B41-090D-40B5-9041-B46D0420510B}.Debug|Any CPU.ActiveCfg = Debug|Any CPU
		{73519B41-090D-40B5-9041-B46D0420510B}.Debug|Any CPU.Build.0 = Debug|Any CPU
		{73519B41-090D-40B5-9041-B46D0420510B}.Release|Any CPU.ActiveCfg = Release|Any CPU
		{73519B41-090D-40B5-9041-B46D0420510B}.Release|Any CPU.Build.0 = Release|Any CPU
		{FA7C201C-FEE9-41B1-8642-1952AA6DCB9A}.Debug|Any CPU.ActiveCfg = Debug|Any CPU
		{FA7C201C-FEE9-41B1-8642-1952AA6DCB9A}.Debug|Any CPU.Build.0 = Debug|Any CPU
		{FA7C201C-FEE9-41B1-8642-1952AA6DCB9A}.Release|Any CPU.ActiveCfg = Release|Any CPU
		{FA7C201C-FEE9-41B1-8642-1952AA6DCB9A}.Release|Any CPU.Build.0 = Release|Any CPU
		{945D4832-0A8C-4CEB-BFAA-6A0F58A93767}.Debug|Any CPU.ActiveCfg = Debug|Any CPU
		{945D4832-0A8C-4CEB-BFAA-6A0F58A93767}.Debug|Any CPU.Build.0 = Debug|Any CPU
		{945D4832-0A8C-4CEB-BFAA-6A0F58A93767}.Release|Any CPU.ActiveCfg = Release|Any CPU
		{945D4832-0A8C-4CEB-BFAA-6A0F58A93767}.Release|Any CPU.Build.0 = Release|Any CPU
		{D750CA64-2447-44B4-8E64-A54E20EF463D}.Debug|Any CPU.ActiveCfg = Debug|Any CPU
		{D750CA64-2447-44B4-8E64-A54E20EF463D}.Debug|Any CPU.Build.0 = Debug|Any CPU
		{D750CA64-2447-44B4-8E64-A54E20EF463D}.Release|Any CPU.ActiveCfg = Release|Any CPU
		{D750CA64-2447-44B4-8E64-A54E20EF463D}.Release|Any CPU.Build.0 = Release|Any CPU
	EndGlobalSection
	GlobalSection(SolutionProperties) = preSolution
		HideSolutionNode = FALSE
	EndGlobalSection
EndGlobal
